
Microsoft Visual Studio Solution File, Format Version 12.00
# Visual Studio Version 17
VisualStudioVersion = 17.2.32630.192
MinimumVisualStudioVersion = 10.0.40219.1
Project("{9A19103F-16F7-4668-BE54-9A1E7A4F7556}") = "Intelitrader", "Intelitrader\Intelitrader.csproj", "{113E7214-10A9-422D-A8F4-8F2891BDC650}"
EndProject
Project("{FAE04EC0-301F-11D3-BF4B-00C04F79EFBC}") = "TesteIntelitrader", "TesteIntelitrader\TesteIntelitrader.csproj", "{EA12E862-A92F-46A6-9D6C-13C0490953ED}"
EndProject
Global
	GlobalSection(SolutionConfigurationPlatforms) = preSolution
		Debug|Any CPU = Debug|Any CPU
		Release|Any CPU = Release|Any CPU
	EndGlobalSection
	GlobalSection(ProjectConfigurationPlatforms) = postSolution
		{113E7214-10A9-422D-A8F4-8F2891BDC650}.Debug|Any CPU.ActiveCfg = Debug|Any CPU
		{113E7214-10A9-422D-A8F4-8F2891BDC650}.Debug|Any CPU.Build.0 = Debug|Any CPU
		{113E7214-10A9-422D-A8F4-8F2891BDC650}.Release|Any CPU.ActiveCfg = Release|Any CPU
		{113E7214-10A9-422D-A8F4-8F2891BDC650}.Release|Any CPU.Build.0 = Release|Any CPU
		{EA12E862-A92F-46A6-9D6C-13C0490953ED}.Debug|Any CPU.ActiveCfg = Debug|Any CPU
		{EA12E862-A92F-46A6-9D6C-13C0490953ED}.Debug|Any CPU.Build.0 = Debug|Any CPU
		{EA12E862-A92F-46A6-9D6C-13C0490953ED}.Release|Any CPU.ActiveCfg = Release|Any CPU
		{EA12E862-A92F-46A6-9D6C-13C0490953ED}.Release|Any CPU.Build.0 = Release|Any CPU
	EndGlobalSection
	GlobalSection(SolutionProperties) = preSolution
		HideSolutionNode = FALSE
	EndGlobalSection
	GlobalSection(ExtensibilityGlobals) = postSolution
		SolutionGuid = {4E40928E-E273-4DFD-AC34-843D94E7FFDD}
	EndGlobalSection
EndGlobal
